
Microsoft Visual Studio Solution File, Format Version 12.00
# Visual Studio Version 17
VisualStudioVersion = 17.3.32922.545
MinimumVisualStudioVersion = 10.0.40219.1
Project("{FAE04EC0-301F-11D3-BF4B-00C04F79EFBC}") = "9. Celcius to Fahrenheit", "9. Celcius to Fahrenheit\9. Celcius to Fahrenheit.csproj", "{DF3BD346-32C3-4B71-A293-A0CCD7DD4916}"
EndProject
Global
	GlobalSection(SolutionConfigurationPlatforms) = preSolution
		Debug|Any CPU = Debug|Any CPU
		Release|Any CPU = Release|Any CPU
	EndGlobalSection
	GlobalSection(ProjectConfigurationPlatforms) = postSolution
		{DF3BD346-32C3-4B71-A293-A0CCD7DD4916}.Debug|Any CPU.ActiveCfg = Debug|Any CPU
		{DF3BD346-32C3-4B71-A293-A0CCD7DD4916}.Debug|Any CPU.Build.0 = Debug|Any CPU
		{DF3BD346-32C3-4B71-A293-A0CCD7DD4916}.Release|Any CPU.ActiveCfg = Release|Any CPU
		{DF3BD346-32C3-4B71-A293-A0CCD7DD4916}.Release|Any CPU.Build.0 = Release|Any CPU
	EndGlobalSection
	GlobalSection(SolutionProperties) = preSolution
		HideSolutionNode = FALSE
	EndGlobalSection
	GlobalSection(ExtensibilityGlobals) = postSolution
		SolutionGuid = {A94344FD-D0FE-43A1-9D3D-394DD8F18625}
	EndGlobalSection
EndGlobal
